
Microsoft Visual Studio Solution File, Format Version 12.00
# Visual Studio Version 17
VisualStudioVersion = 17.2.32602.215
MinimumVisualStudioVersion = 10.0.40219.1
Project("{9A19103F-16F7-4668-BE54-9A1E7A4F7556}") = "PersonalWellBeing", "PersonalWellBeing\PersonalWellBeing.csproj", "{3486B66D-DA6B-499A-96C0-AAB84A9ED008}"
EndProject
Global
	GlobalSection(SolutionConfigurationPlatforms) = preSolution
		Debug|Any CPU = Debug|Any CPU
		Release|Any CPU = Release|Any CPU
	EndGlobalSection
	GlobalSection(ProjectConfigurationPlatforms) = postSolution
		{3486B66D-DA6B-499A-96C0-AAB84A9ED008}.Debug|Any CPU.ActiveCfg = Debug|Any CPU
		{3486B66D-DA6B-499A-96C0-AAB84A9ED008}.Debug|Any CPU.Build.0 = Debug|Any CPU
		{3486B66D-DA6B-499A-96C0-AAB84A9ED008}.Release|Any CPU.ActiveCfg = Release|Any CPU
		{3486B66D-DA6B-499A-96C0-AAB84A9ED008}.Release|Any CPU.Build.0 = Release|Any CPU
	EndGlobalSection
	GlobalSection(SolutionProperties) = preSolution
		HideSolutionNode = FALSE
	EndGlobalSection
	GlobalSection(ExtensibilityGlobals) = postSolution
		SolutionGuid = {4589E630-222B-43B2-B746-4D55FC6D7DF0}
	EndGlobalSection
EndGlobal
